
Microsoft Visual Studio Solution File, Format Version 12.00
# Visual Studio Version 17
VisualStudioVersion = 17.0.31903.59
MinimumVisualStudioVersion = 10.0.40219.1
Project("{2150E333-8FDC-42A3-9474-1A3956D46DE8}") = "src", "src", "{827E0CD3-B72D-47B6-A68D-7590B98EB39B}"
EndProject
Project("{FAE04EC0-301F-11D3-BF4B-00C04F79EFBC}") = "Nexor.Domain", "src\Nexor.Domain\Nexor.Domain.csproj", "{4C579F0F-721E-4F8A-A0E4-C5C6D34E03EE}"
EndProject
Project("{FAE04EC0-301F-11D3-BF4B-00C04F79EFBC}") = "Nexor.Application", "src\Nexor.Application\Nexor.Application.csproj", "{DD4E548C-0AF4-47DC-A78A-E703E0074010}"
EndProject
Project("{FAE04EC0-301F-11D3-BF4B-00C04F79EFBC}") = "Nexor.Infrastructure", "src\Nexor.Infrastructure\Nexor.Infrastructure.csproj", "{1856255F-A065-4C1B-8CD7-E27767DCC23D}"
EndProject
Project("{FAE04EC0-301F-11D3-BF4B-00C04F79EFBC}") = "Nexor.Reporting", "src\Nexor.Reporting\Nexor.Reporting.csproj", "{095304ED-534B-49B0-BF01-F59897C1B1A2}"
EndProject
Project("{FAE04EC0-301F-11D3-BF4B-00C04F79EFBC}") = "Nexor.Desktop", "src\Nexor.Desktop\Nexor.Desktop.csproj", "{1DC5E4A3-AD11-4CF0-AC59-4AAD62FDCBE7}"
EndProject
Project("{2150E333-8FDC-42A3-9474-1A3956D46DE8}") = "tests", "tests", "{0AB3BF05-4346-4AA6-1389-037BE0695223}"
EndProject
Project("{FAE04EC0-301F-11D3-BF4B-00C04F79EFBC}") = "Nexor.Domain.Tests", "tests\Nexor.Domain.Tests\Nexor.Domain.Tests.csproj", "{0C7BAEBF-E371-4F24-A790-354A469E3BC3}"
EndProject
Project("{FAE04EC0-301F-11D3-BF4B-00C04F79EFBC}") = "Nexor.Application.Tests", "tests\Nexor.Application.Tests\Nexor.Application.Tests.csproj", "{B8E26A3C-6454-406A-8AF2-114D1116051E}"
EndProject
Project("{FAE04EC0-301F-11D3-BF4B-00C04F79EFBC}") = "Nexor.Infrastructure.Tests", "tests\Nexor.Infrastructure.Tests\Nexor.Infrastructure.Tests.csproj", "{4635055A-19D6-4620-B726-D7484F0213D8}"
EndProject
Project("{FAE04EC0-301F-11D3-BF4B-00C04F79EFBC}") = "Nexor.Reporting.Tests", "tests\Nexor.Reporting.Tests\Nexor.Reporting.Tests.csproj", "{8930FE13-ED28-4F37-AC95-B6B86A6DAE42}"
EndProject
Global
	GlobalSection(SolutionConfigurationPlatforms) = preSolution
		Debug|Any CPU = Debug|Any CPU
		Debug|x64 = Debug|x64
		Debug|x86 = Debug|x86
		Release|Any CPU = Release|Any CPU
		Release|x64 = Release|x64
		Release|x86 = Release|x86
	EndGlobalSection
	GlobalSection(ProjectConfigurationPlatforms) = postSolution
		{4C579F0F-721E-4F8A-A0E4-C5C6D34E03EE}.Debug|Any CPU.ActiveCfg = Debug|Any CPU
		{4C579F0F-721E-4F8A-A0E4-C5C6D34E03EE}.Debug|Any CPU.Build.0 = Debug|Any CPU
		{4C579F0F-721E-4F8A-A0E4-C5C6D34E03EE}.Debug|x64.ActiveCfg = Debug|Any CPU
		{4C579F0F-721E-4F8A-A0E4-C5C6D34E03EE}.Debug|x64.Build.0 = Debug|Any CPU
		{4C579F0F-721E-4F8A-A0E4-C5C6D34E03EE}.Debug|x86.ActiveCfg = Debug|Any CPU
		{4C579F0F-721E-4F8A-A0E4-C5C6D34E03EE}.Debug|x86.Build.0 = Debug|Any CPU
		{4C579F0F-721E-4F8A-A0E4-C5C6D34E03EE}.Release|Any CPU.ActiveCfg = Release|Any CPU
		{4C579F0F-721E-4F8A-A0E4-C5C6D34E03EE}.Release|Any CPU.Build.0 = Release|Any CPU
		{4C579F0F-721E-4F8A-A0E4-C5C6D34E03EE}.Release|x64.ActiveCfg = Release|Any CPU
		{4C579F0F-721E-4F8A-A0E4-C5C6D34E03EE}.Release|x64.Build.0 = Release|Any CPU
		{4C579F0F-721E-4F8A-A0E4-C5C6D34E03EE}.Release|x86.ActiveCfg = Release|Any CPU
		{4C579F0F-721E-4F8A-A0E4-C5C6D34E03EE}.Release|x86.Build.0 = Release|Any CPU
		{DD4E548C-0AF4-47DC-A78A-E703E0074010}.Debug|Any CPU.ActiveCfg = Debug|Any CPU
		{DD4E548C-0AF4-47DC-A78A-E703E0074010}.Debug|Any CPU.Build.0 = Debug|Any CPU
		{DD4E548C-0AF4-47DC-A78A-E703E0074010}.Debug|x64.ActiveCfg = Debug|Any CPU
		{DD4E548C-0AF4-47DC-A78A-E703E0074010}.Debug|x64.Build.0 = Debug|Any CPU
		{DD4E548C-0AF4-47DC-A78A-E703E0074010}.Debug|x86.ActiveCfg = Debug|Any CPU
		{DD4E548C-0AF4-47DC-A78A-E703E0074010}.Debug|x86.Build.0 = Debug|Any CPU
		{DD4E548C-0AF4-47DC-A78A-E703E0074010}.Release|Any CPU.ActiveCfg = Release|Any CPU
		{DD4E548C-0AF4-47DC-A78A-E703E0074010}.Release|Any CPU.Build.0 = Release|Any CPU
		{DD4E548C-0AF4-47DC-A78A-E703E0074010}.Release|x64.ActiveCfg = Release|Any CPU
		{DD4E548C-0AF4-47DC-A78A-E703E0074010}.Release|x64.Build.0 = Release|Any CPU
		{DD4E548C-0AF4-47DC-A78A-E703E0074010}.Release|x86.ActiveCfg = Release|Any CPU
		{DD4E548C-0AF4-47DC-A78A-E703E0074010}.Release|x86.Build.0 = Release|Any CPU
		{1856255F-A065-4C1B-8CD7-E27767DCC23D}.Debug|Any CPU.ActiveCfg = Debug|Any CPU
		{1856255F-A065-4C1B-8CD7-E27767DCC23D}.Debug|Any CPU.Build.0 = Debug|Any CPU
		{1856255F-A065-4C1B-8CD7-E27767DCC23D}.Debug|x64.ActiveCfg = Debug|Any CPU
		{1856255F-A065-4C1B-8CD7-E27767DCC23D}.Debug|x64.Build.0 = Debug|Any CPU
		{1856255F-A065-4C1B-8CD7-E27767DCC23D}.Debug|x86.ActiveCfg = Debug|Any CPU
		{1856255F-A065-4C1B-8CD7-E27767DCC23D}.Debug|x86.Build.0 = Debug|Any CPU
		{1856255F-A065-4C1B-8CD7-E27767DCC23D}.Release|Any CPU.ActiveCfg = Release|Any CPU
		{1856255F-A065-4C1B-8CD7-E27767DCC23D}.Release|Any CPU.Build.0 = Release|Any CPU
		{1856255F-A065-4C1B-8CD7-E27767DCC23D}.Release|x64.ActiveCfg = Release|Any CPU
		{1856255F-A065-4C1B-8CD7-E27767DCC23D}.Release|x64.Build.0 = Release|Any CPU
		{1856255F-A065-4C1B-8CD7-E27767DCC23D}.Release|x86.ActiveCfg = Release|Any CPU
		{1856255F-A065-4C1B-8CD7-E27767DCC23D}.Release|x86.Build.0 = Release|Any CPU
		{095304ED-534B-49B0-BF01-F59897C1B1A2}.Debug|Any CPU.ActiveCfg = Debug|Any CPU
		{095304ED-534B-49B0-BF01-F59897C1B1A2}.Debug|Any CPU.Build.0 = Debug|Any CPU
		{095304ED-534B-49B0-BF01-F59897C1B1A2}.Debug|x64.ActiveCfg = Debug|Any CPU
		{095304ED-534B-49B0-BF01-F59897C1B1A2}.Debug|x64.Build.0 = Debug|Any CPU
		{095304ED-534B-49B0-BF01-F59897C1B1A2}.Debug|x86.ActiveCfg = Debug|Any CPU
		{095304ED-534B-49B0-BF01-F59897C1B1A2}.Debug|x86.Build.0 = Debug|Any CPU
		{095304ED-534B-49B0-BF01-F59897C1B1A2}.Release|Any CPU.ActiveCfg = Release|Any CPU
		{095304ED-534B-49B0-BF01-F59897C1B1A2}.Release|Any CPU.Build.0 = Release|Any CPU
		{095304ED-534B-49B0-BF01-F59897C1B1A2}.Release|x64.ActiveCfg = Release|Any CPU
		{095304ED-534B-49B0-BF01-F59897C1B1A2}.Release|x64.Build.0 = Release|Any CPU
		{095304ED-534B-49B0-BF01-F59897C1B1A2}.Release|x86.ActiveCfg = Release|Any CPU
		{095304ED-534B-49B0-BF01-F59897C1B1A2}.Release|x86.Build.0 = Release|Any CPU
		{1DC5E4A3-AD11-4CF0-AC59-4AAD62FDCBE7}.Debug|Any CPU.ActiveCfg = Debug|x64
		{1DC5E4A3-AD11-4CF0-AC59-4AAD62FDCBE7}.Debug|Any CPU.Build.0 = Debug|x64
		{1DC5E4A3-AD11-4CF0-AC59-4AAD62FDCBE7}.Debug|x64.ActiveCfg = Debug|x64
		{1DC5E4A3-AD11-4CF0-AC59-4AAD62FDCBE7}.Debug|x64.Build.0 = Debug|x64
		{1DC5E4A3-AD11-4CF0-AC59-4AAD62FDCBE7}.Debug|x86.ActiveCfg = Debug|x64
		{1DC5E4A3-AD11-4CF0-AC59-4AAD62FDCBE7}.Debug|x86.Build.0 = Debug|x64
		{1DC5E4A3-AD11-4CF0-AC59-4AAD62FDCBE7}.Release|Any CPU.ActiveCfg = Release|x64
		{1DC5E4A3-AD11-4CF0-AC59-4AAD62FDCBE7}.Release|Any CPU.Build.0 = Release|x64
		{1DC5E4A3-AD11-4CF0-AC59-4AAD62FDCBE7}.Release|x64.ActiveCfg = Release|x64
		{1DC5E4A3-AD11-4CF0-AC59-4AAD62FDCBE7}.Release|x64.Build.0 = Release|x64
		{1DC5E4A3-AD11-4CF0-AC59-4AAD62FDCBE7}.Release|x86.ActiveCfg = Release|x64
		{1DC5E4A3-AD11-4CF0-AC59-4AAD62FDCBE7}.Release|x86.Build.0 = Release|x64
		{0C7BAEBF-E371-4F24-A790-354A469E3BC3}.Debug|Any CPU.ActiveCfg = Debug|Any CPU
		{0C7BAEBF-E371-4F24-A790-354A469E3BC3}.Debug|Any CPU.Build.0 = Debug|Any CPU
		{0C7BAEBF-E371-4F24-A790-354A469E3BC3}.Debug|x64.ActiveCfg = Debug|Any CPU
		{0C7BAEBF-E371-4F24-A790-354A469E3BC3}.Debug|x64.Build.0 = Debug|Any CPU
		{0C7BAEBF-E371-4F24-A790-354A469E3BC3}.Debug|x86.ActiveCfg = Debug|Any CPU
		{0C7BAEBF-E371-4F24-A790-354A469E3BC3}.Debug|x86.Build.0 = Debug|Any CPU
		{0C7BAEBF-E371-4F24-A790-354A469E3BC3}.Release|Any CPU.ActiveCfg = Release|Any CPU
		{0C7BAEBF-E371-4F24-A790-354A469E3BC3}.Release|Any CPU.Build.0 = Release|Any CPU
		{0C7BAEBF-E371-4F24-A790-354A469E3BC3}.Release|x64.ActiveCfg = Release|Any CPU
		{0C7BAEBF-E371-4F24-A790-354A469E3BC3}.Release|x64.Build.0 = Release|Any CPU
		{0C7BAEBF-E371-4F24-A790-354A469E3BC3}.Release|x86.ActiveCfg = Release|Any CPU
		{0C7BAEBF-E371-4F24-A790-354A469E3BC3}.Release|x86.Build.0 = Release|Any CPU
		{B8E26A3C-6454-406A-8AF2-114D1116051E}.Debug|Any CPU.ActiveCfg = Debug|Any CPU
		{B8E26A3C-6454-406A-8AF2-114D1116051E}.Debug|Any CPU.Build.0 = Debug|Any CPU
		{B8E26A3C-6454-406A-8AF2-114D1116051E}.Debug|x64.ActiveCfg = Debug|Any CPU
		{B8E26A3C-6454-406A-8AF2-114D1116051E}.Debug|x64.Build.0 = Debug|Any CPU
		{B8E26A3C-6454-406A-8AF2-114D1116051E}.Debug|x86.ActiveCfg = Debug|Any CPU
		{B8E26A3C-6454-406A-8AF2-114D1116051E}.Debug|x86.Build.0 = Debug|Any CPU
		{B8E26A3C-6454-406A-8AF2-114D1116051E}.Release|Any CPU.ActiveCfg = Release|Any CPU
		{B8E26A3C-6454-406A-8AF2-114D1116051E}.Release|Any CPU.Build.0 = Release|Any CPU
		{B8E26A3C-6454-406A-8AF2-114D1116051E}.Release|x64.ActiveCfg = Release|Any CPU
		{B8E26A3C-6454-406A-8AF2-114D1116051E}.Release|x64.Build.0 = Release|Any CPU
		{B8E26A3C-6454-406A-8AF2-114D1116051E}.Release|x86.ActiveCfg = Release|Any CPU
		{B8E26A3C-6454-406A-8AF2-114D1116051E}.Release|x86.Build.0 = Release|Any CPU
		{4635055A-19D6-4620-B726-D7484F0213D8}.Debug|Any CPU.ActiveCfg = Debug|Any CPU
		{4635055A-19D6-4620-B726-D7484F0213D8}.Debug|Any CPU.Build.0 = Debug|Any CPU
		{4635055A-19D6-4620-B726-D7484F0213D8}.Debug|x64.ActiveCfg = Debug|Any CPU
		{4635055A-19D6-4620-B726-D7484F0213D8}.Debug|x64.Build.0 = Debug|Any CPU
		{4635055A-19D6-4620-B726-D7484F0213D8}.Debug|x86.ActiveCfg = Debug|Any CPU
		{4635055A-19D6-4620-B726-D7484F0213D8}.Debug|x86.Build.0 = Debug|Any CPU
		{4635055A-19D6-4620-B726-D7484F0213D8}.Release|Any CPU.ActiveCfg = Release|Any CPU
		{4635055A-19D6-4620-B726-D7484F0213D8}.Release|Any CPU.Build.0 = Release|Any CPU
		{4635055A-19D6-4620-B726-D7484F0213D8}.Release|x64.ActiveCfg = Release|Any CPU
		{4635055A-19D6-4620-B726-D7484F0213D8}.Release|x64.Build.0 = Release|Any CPU
		{4635055A-19D6-4620-B726-D7484F0213D8}.Release|x86.ActiveCfg = Release|Any CPU
		{4635055A-19D6-4620-B726-D7484F0213D8}.Release|x86.Build.0 = Release|Any CPU
		{8930FE13-ED28-4F37-AC95-B6B86A6DAE42}.Debug|Any CPU.ActiveCfg = Debug|Any CPU
		{8930FE13-ED28-4F37-AC95-B6B86A6DAE42}.Debug|Any CPU.Build.0 = Debug|Any CPU
		{8930FE13-ED28-4F37-AC95-B6B86A6DAE42}.Debug|x64.ActiveCfg = Debug|Any CPU
		{8930FE13-ED28-4F37-AC95-B6B86A6DAE42}.Debug|x64.Build.0 = Debug|Any CPU
		{8930FE13-ED28-4F37-AC95-B6B86A6DAE42}.Debug|x86.ActiveCfg = Debug|Any CPU
		{8930FE13-ED28-4F37-AC95-B6B86A6DAE42}.Debug|x86.Build.0 = Debug|Any CPU
		{8930FE13-ED28-4F37-AC95-B6B86A6DAE42}.Release|Any CPU.ActiveCfg = Release|Any CPU
		{8930FE13-ED28-4F37-AC95-B6B86A6DAE42}.Release|Any CPU.Build.0 = Release|Any CPU
		{8930FE13-ED28-4F37-AC95-B6B86A6DAE42}.Release|x64.ActiveCfg = Release|Any CPU
		{8930FE13-ED28-4F37-AC95-B6B86A6DAE42}.Release|x64.Build.0 = Release|Any CPU
		{8930FE13-ED28-4F37-AC95-B6B86A6DAE42}.Release|x86.ActiveCfg = Release|Any CPU
		{8930FE13-ED28-4F37-AC95-B6B86A6DAE42}.Release|x86.Build.0 = Release|Any CPU
	EndGlobalSection
	GlobalSection(SolutionProperties) = preSolution
		HideSolutionNode = FALSE
	EndGlobalSection
	GlobalSection(NestedProjects) = preSolution
		{4C579F0F-721E-4F8A-A0E4-C5C6D34E03EE} = {827E0CD3-B72D-47B6-A68D-7590B98EB39B}
		{DD4E548C-0AF4-47DC-A78A-E703E0074010} = {827E0CD3-B72D-47B6-A68D-7590B98EB39B}
		{1856255F-A065-4C1B-8CD7-E27767DCC23D} = {827E0CD3-B72D-47B6-A68D-7590B98EB39B}
		{095304ED-534B-49B0-BF01-F59897C1B1A2} = {827E0CD3-B72D-47B6-A68D-7590B98EB39B}
		{1DC5E4A3-AD11-4CF0-AC59-4AAD62FDCBE7} = {827E0CD3-B72D-47B6-A68D-7590B98EB39B}
		{0C7BAEBF-E371-4F24-A790-354A469E3BC3} = {0AB3BF05-4346-4AA6-1389-037BE0695223}
		{B8E26A3C-6454-406A-8AF2-114D1116051E} = {0AB3BF05-4346-4AA6-1389-037BE0695223}
		{4635055A-19D6-4620-B726-D7484F0213D8} = {0AB3BF05-4346-4AA6-1389-037BE0695223}
		{8930FE13-ED28-4F37-AC95-B6B86A6DAE42} = {0AB3BF05-4346-4AA6-1389-037BE0695223}
	EndGlobalSection
EndGlobal
